{
  "name": "hyperapp-app",
  "version": "1.0.0",
  "lockfileVersion": 1,
  "requires": true,
  "dependencies": {
    "@polymer/lit-element": {
      "version": "0.7.0",
      "resolved": "https://artifactory.ing.net/artifactory/api/npm/releases_npm_all/@polymer/lit-element/-/lit-element-0.7.0.tgz",
      "integrity": "sha1-iiYgs8nvE3DQBgUpFFMsldDYu1E=",
      "requires": {
        "lit-html": "1.0.0-rc.2"
      }
    },
    "hyperapp": {
      "version": "1.2.9",
      "resolved": "https://artifactory.ing.net/artifactory/api/npm/releases_npm_all/hyperapp/-/hyperapp-1.2.9.tgz",
      "integrity": "sha1-oX7AljSWil+l9rfWSeegPZaA/PI="
    },
    "lit-html": {
      "version": "1.0.0-rc.2",
      "resolved": "https://artifactory.ing.net/artifactory/api/npm/releases_npm_all/lit-html/-/lit-html-1.0.0-rc.2.tgz",
      "integrity": "sha1-uckEUg/gBdNJqnN6htg2Rdl9Wok="
    }
  }
}
